
Microsoft Visual Studio Solution File, Format Version 12.00
# Visual Studio Version 17
VisualStudioVersion = 17.0.32126.317
MinimumVisualStudioVersion = 10.0.40219.1
Project("{9A19103F-16F7-4668-BE54-9A1E7A4F7556}") = "Amazon.Extensions.Configuration.SystemsManager", "..\src\Amazon.Extensions.Configuration.SystemsManager\Amazon.Extensions.Configuration.SystemsManager.csproj", "{CE965321-158B-47C8-BDA3-748F18745532}"
EndProject
Project("{9A19103F-16F7-4668-BE54-9A1E7A4F7556}") = "Samples", "Samples\Samples.csproj", "{74F8A828-62EB-4338-A106-F28D91FE4B3A}"
EndProject
Global
	GlobalSection(SolutionConfigurationPlatforms) = preSolution
		Debug|Any CPU = Debug|Any CPU
		Release|Any CPU = Release|Any CPU
	EndGlobalSection
	GlobalSection(ProjectConfigurationPlatforms) = postSolution
		{CE965321-158B-47C8-BDA3-748F18745532}.Debug|Any CPU.ActiveCfg = Debug|Any CPU
		{CE965321-158B-47C8-BDA3-748F18745532}.Debug|Any CPU.Build.0 = Debug|Any CPU
		{CE965321-158B-47C8-BDA3-748F18745532}.Release|Any CPU.ActiveCfg = Release|Any CPU
		{CE965321-158B-47C8-BDA3-748F18745532}.Release|Any CPU.Build.0 = Release|Any CPU
		{74F8A828-62EB-4338-A106-F28D91FE4B3A}.Debug|Any CPU.ActiveCfg = Debug|Any CPU
		{74F8A828-62EB-4338-A106-F28D91FE4B3A}.Debug|Any CPU.Build.0 = Debug|Any CPU
		{74F8A828-62EB-4338-A106-F28D91FE4B3A}.Release|Any CPU.ActiveCfg = Release|Any CPU
		{74F8A828-62EB-4338-A106-F28D91FE4B3A}.Release|Any CPU.Build.0 = Release|Any CPU
	EndGlobalSection
	GlobalSection(SolutionProperties) = preSolution
		HideSolutionNode = FALSE
	EndGlobalSection
	GlobalSection(ExtensibilityGlobals) = postSolution
		SolutionGuid = {5B66FEC1-55C5-47A4-8ADF-8A853A41AA42}
	EndGlobalSection
EndGlobal
